{
  "name": "toastui",
  "lockfileVersion": 2,
  "requires": true,
  "packages": {
    "": {
      "dependencies": {
        "@toast-ui/chart": "^4.3.2",
        "tui-calendar": "^1.13.0",
        "tui-grid": "^4.17.0"
      }
    },
    "node_modules/@toast-ui/chart": {
      "version": "4.3.5",
      "resolved": "https://registry.npmjs.org/@toast-ui/chart/-/chart-4.3.5.tgz",
      "integrity": "sha512-Tc5/sZl7XwezzvDr6aXlbnDu5H8l0BmouwyWzvvQ7D3EuQVl5liPQgbVce/xu5kJqQ5noNv6XRm+72n3lGP+5g=="
    },
    "node_modules/tui-calendar": {
      "version": "1.13.0",
      "resolved": "https://registry.npmjs.org/tui-calendar/-/tui-calendar-1.13.0.tgz",
      "integrity": "sha512-gF/9aD4xa8oXgYV6wgMhA0PELPvuCoht/E6sKqQdKoU/jllGLIOip1WaAJmxn5/mLS3HwgdhhscY6J+9FEhBww==",
      "dependencies": {
        "tui-code-snippet": "^1.5.0",
        "tui-date-picker": "^4.0.2",
        "tui-time-picker": "^2.0.1"
      }
    },
    "node_modules/tui-code-snippet": {
      "version": "1.5.2",
      "resolved": "https://registry.npmjs.org/tui-code-snippet/-/tui-code-snippet-1.5.2.tgz",
      "integrity": "sha512-6UqTlQaaC1KLcmC0HAoq5dtl1G4Fib+R+NC7pmaV7kiIlZ7JqKhUmnOoGRcreAyzd81UTK/vCvhrw9QJskpCFQ=="
    },
    "node_modules/tui-date-picker": {
      "version": "4.2.1",
      "resolved": "https://registry.npmjs.org/tui-date-picker/-/tui-date-picker-4.2.1.tgz",
      "integrity": "sha512-lEBmzZ0JKCIx2KPFhl4P2x6gD8Rap+P66VhthC//H8NEMAZcEu+4hs4oopud/6djDLTf+ziqm4vDxeWEjIbDCQ==",
      "dependencies": {
        "tui-time-picker": "^2.1.2"
      }
    },
    "node_modules/tui-grid": {
      "version": "4.18.0",
      "resolved": "https://registry.npmjs.org/tui-grid/-/tui-grid-4.18.0.tgz",
      "integrity": "sha512-TS0qRGQQN21XNo9I/HzcuU26olELpLzW95cCndnKURWwfbB0IDIrX3CieTawz3XmdI98WN41Anngmy5rVgr5Hg==",
      "dependencies": {
        "tui-date-picker": "^4.1.0",
        "tui-pagination": "^3.4.0"
      }
    },
    "node_modules/tui-pagination": {
      "version": "3.4.1",
      "resolved": "https://registry.npmjs.org/tui-pagination/-/tui-pagination-3.4.1.tgz",
      "integrity": "sha512-W09L0wPMSFstthBhQjcLNDnN1yuCEDn/tIXmaKdTpNFYa11eNrNo/rOwXzrugXvP2arZ60KmVhkFzoAOEuV0Sg=="
    },
    "node_modules/tui-time-picker": {
      "version": "2.1.2",
      "resolved": "https://registry.npmjs.org/tui-time-picker/-/tui-time-picker-2.1.2.tgz",
      "integrity": "sha512-vrdPUmPu8o700C08XlJMb+GjpkkgLjiO7rTn/r3d6LWnFo3K0rMPkevEsDaRUMDjCdslTXERYHMDAtevZHr6jQ=="
    }
  },
  "dependencies": {
    "@toast-ui/chart": {
      "version": "4.3.5",
      "resolved": "https://registry.npmjs.org/@toast-ui/chart/-/chart-4.3.5.tgz",
      "integrity": "sha512-Tc5/sZl7XwezzvDr6aXlbnDu5H8l0BmouwyWzvvQ7D3EuQVl5liPQgbVce/xu5kJqQ5noNv6XRm+72n3lGP+5g=="
    },
    "tui-calendar": {
      "version": "1.13.0",
      "resolved": "https://registry.npmjs.org/tui-calendar/-/tui-calendar-1.13.0.tgz",
      "integrity": "sha512-gF/9aD4xa8oXgYV6wgMhA0PELPvuCoht/E6sKqQdKoU/jllGLIOip1WaAJmxn5/mLS3HwgdhhscY6J+9FEhBww==",
      "requires": {
        "tui-code-snippet": "^1.5.0",
        "tui-date-picker": "^4.0.2",
        "tui-time-picker": "^2.0.1"
      }
    },
    "tui-code-snippet": {
      "version": "1.5.2",
      "resolved": "https://registry.npmjs.org/tui-code-snippet/-/tui-code-snippet-1.5.2.tgz",
      "integrity": "sha512-6UqTlQaaC1KLcmC0HAoq5dtl1G4Fib+R+NC7pmaV7kiIlZ7JqKhUmnOoGRcreAyzd81UTK/vCvhrw9QJskpCFQ=="
    },
    "tui-date-picker": {
      "version": "4.2.1",
      "resolved": "https://registry.npmjs.org/tui-date-picker/-/tui-date-picker-4.2.1.tgz",
      "integrity": "sha512-lEBmzZ0JKCIx2KPFhl4P2x6gD8Rap+P66VhthC//H8NEMAZcEu+4hs4oopud/6djDLTf+ziqm4vDxeWEjIbDCQ==",
      "requires": {
        "tui-time-picker": "^2.1.2"
      }
    },
    "tui-grid": {
      "version": "4.18.0",
      "resolved": "https://registry.npmjs.org/tui-grid/-/tui-grid-4.18.0.tgz",
      "integrity": "sha512-TS0qRGQQN21XNo9I/HzcuU26olELpLzW95cCndnKURWwfbB0IDIrX3CieTawz3XmdI98WN41Anngmy5rVgr5Hg==",
      "requires": {
        "tui-date-picker": "^4.1.0",
        "tui-pagination": "^3.4.0"
      }
    },
    "tui-pagination": {
      "version": "3.4.1",
      "resolved": "https://registry.npmjs.org/tui-pagination/-/tui-pagination-3.4.1.tgz",
      "integrity": "sha512-W09L0wPMSFstthBhQjcLNDnN1yuCEDn/tIXmaKdTpNFYa11eNrNo/rOwXzrugXvP2arZ60KmVhkFzoAOEuV0Sg=="
    },
    "tui-time-picker": {
      "version": "2.1.2",
      "resolved": "https://registry.npmjs.org/tui-time-picker/-/tui-time-picker-2.1.2.tgz",
      "integrity": "sha512-vrdPUmPu8o700C08XlJMb+GjpkkgLjiO7rTn/r3d6LWnFo3K0rMPkevEsDaRUMDjCdslTXERYHMDAtevZHr6jQ=="
    }
  }
}
