{
  "name": "toastui",
  "lockfileVersion": 2,
  "requires": true,
  "packages": {
    "": {
      "dependencies": {
        "@toast-ui/chart": "^4.3.2",
        "tui-calendar": "^1.13.0",
        "tui-grid": "^4.17.0"
      }
    },
    "node_modules/@toast-ui/chart": {
      "version": "4.3.2",
      "resolved": "https://registry.npmjs.org/@toast-ui/chart/-/chart-4.3.2.tgz",
      "integrity": "sha512-oHHxNt3qu0JwSWFaqS7B0+wdJ7mdBP1bkdW6YLvq/e0xWjaKA8VV3ub/OyRuI8xLc3b7HbaBeGPXZcEI4aejyg=="
    },
    "node_modules/tui-calendar": {
      "version": "1.13.0",
      "resolved": "https://registry.npmjs.org/tui-calendar/-/tui-calendar-1.13.0.tgz",
      "integrity": "sha512-gF/9aD4xa8oXgYV6wgMhA0PELPvuCoht/E6sKqQdKoU/jllGLIOip1WaAJmxn5/mLS3HwgdhhscY6J+9FEhBww==",
      "dependencies": {
        "tui-code-snippet": "^1.5.0",
        "tui-date-picker": "^4.0.2",
        "tui-time-picker": "^2.0.1"
      }
    },
    "node_modules/tui-calendar/node_modules/tui-code-snippet": {
      "version": "1.5.2",
      "resolved": "https://registry.npmjs.org/tui-code-snippet/-/tui-code-snippet-1.5.2.tgz",
      "integrity": "sha512-6UqTlQaaC1KLcmC0HAoq5dtl1G4Fib+R+NC7pmaV7kiIlZ7JqKhUmnOoGRcreAyzd81UTK/vCvhrw9QJskpCFQ=="
    },
    "node_modules/tui-code-snippet": {
      "version": "2.3.2",
      "resolved": "https://registry.npmjs.org/tui-code-snippet/-/tui-code-snippet-2.3.2.tgz",
      "integrity": "sha512-6jGbM/m7A2L59lJSripwMVp87awrWgJXezlLV8GuAha3s0k01E4+MndoU5WlXd4dauVRgzHhKguTVslx/jMehw=="
    },
    "node_modules/tui-date-picker": {
      "version": "4.2.0",
      "resolved": "https://registry.npmjs.org/tui-date-picker/-/tui-date-picker-4.2.0.tgz",
      "integrity": "sha512-SDI3RRWOimhIAVRC23fpwxpp7q1wJu+fzNZYgOw2OyAYTa+R2oOjqUHzHEIK4OBMiasvHwWUyIztnAXoizQUeA==",
      "dependencies": {
        "tui-time-picker": "^2.0.3"
      }
    },
    "node_modules/tui-grid": {
      "version": "4.17.0",
      "resolved": "https://registry.npmjs.org/tui-grid/-/tui-grid-4.17.0.tgz",
      "integrity": "sha512-Y5fzy1TP9h6+Ymej07w1cams34w2zlKr2qe5/3O0R1hGtLjLH84ZRocxq82b4BWk+C3p0LOVLmBdc2OoweKcCg==",
      "dependencies": {
        "tui-date-picker": "^4.1.0",
        "tui-pagination": "^3.4.0"
      }
    },
    "node_modules/tui-pagination": {
      "version": "3.4.0",
      "resolved": "https://registry.npmjs.org/tui-pagination/-/tui-pagination-3.4.0.tgz",
      "integrity": "sha512-jqIeVsESOFsQfywaM58ex/P3X28lvoUVPeH/5XamfWdDMssIUdHjKy9bsJJEBgeYJPLoNenn0toXJFha2mcsTQ==",
      "dependencies": {
        "tui-code-snippet": "^2.2.0"
      }
    },
    "node_modules/tui-time-picker": {
      "version": "2.0.3",
      "resolved": "https://registry.npmjs.org/tui-time-picker/-/tui-time-picker-2.0.3.tgz",
      "integrity": "sha512-S9pkPyAhixYMYsWIA/acaLBuoFBJGohWl9sQyWzSupqEYY4s+QNStl3kJ76Q29VkTl51+LrXm+0SJ1inP0Sheg==",
      "dependencies": {
        "tui-code-snippet": "^2.2.0"
      }
    }
  },
  "dependencies": {
    "@toast-ui/chart": {
      "version": "4.3.2",
      "resolved": "https://registry.npmjs.org/@toast-ui/chart/-/chart-4.3.2.tgz",
      "integrity": "sha512-oHHxNt3qu0JwSWFaqS7B0+wdJ7mdBP1bkdW6YLvq/e0xWjaKA8VV3ub/OyRuI8xLc3b7HbaBeGPXZcEI4aejyg=="
    },
    "tui-calendar": {
      "version": "1.13.0",
      "resolved": "https://registry.npmjs.org/tui-calendar/-/tui-calendar-1.13.0.tgz",
      "integrity": "sha512-gF/9aD4xa8oXgYV6wgMhA0PELPvuCoht/E6sKqQdKoU/jllGLIOip1WaAJmxn5/mLS3HwgdhhscY6J+9FEhBww==",
      "requires": {
        "tui-code-snippet": "^1.5.0",
        "tui-date-picker": "^4.0.2",
        "tui-time-picker": "^2.0.1"
      },
      "dependencies": {
        "tui-code-snippet": {
          "version": "1.5.2",
          "resolved": "https://registry.npmjs.org/tui-code-snippet/-/tui-code-snippet-1.5.2.tgz",
          "integrity": "sha512-6UqTlQaaC1KLcmC0HAoq5dtl1G4Fib+R+NC7pmaV7kiIlZ7JqKhUmnOoGRcreAyzd81UTK/vCvhrw9QJskpCFQ=="
        }
      }
    },
    "tui-code-snippet": {
      "version": "2.3.2",
      "resolved": "https://registry.npmjs.org/tui-code-snippet/-/tui-code-snippet-2.3.2.tgz",
      "integrity": "sha512-6jGbM/m7A2L59lJSripwMVp87awrWgJXezlLV8GuAha3s0k01E4+MndoU5WlXd4dauVRgzHhKguTVslx/jMehw=="
    },
    "tui-date-picker": {
      "version": "4.2.0",
      "resolved": "https://registry.npmjs.org/tui-date-picker/-/tui-date-picker-4.2.0.tgz",
      "integrity": "sha512-SDI3RRWOimhIAVRC23fpwxpp7q1wJu+fzNZYgOw2OyAYTa+R2oOjqUHzHEIK4OBMiasvHwWUyIztnAXoizQUeA==",
      "requires": {
        "tui-time-picker": "^2.0.3"
      }
    },
    "tui-grid": {
      "version": "4.17.0",
      "resolved": "https://registry.npmjs.org/tui-grid/-/tui-grid-4.17.0.tgz",
      "integrity": "sha512-Y5fzy1TP9h6+Ymej07w1cams34w2zlKr2qe5/3O0R1hGtLjLH84ZRocxq82b4BWk+C3p0LOVLmBdc2OoweKcCg==",
      "requires": {
        "tui-date-picker": "^4.1.0",
        "tui-pagination": "^3.4.0"
      }
    },
    "tui-pagination": {
      "version": "3.4.0",
      "resolved": "https://registry.npmjs.org/tui-pagination/-/tui-pagination-3.4.0.tgz",
      "integrity": "sha512-jqIeVsESOFsQfywaM58ex/P3X28lvoUVPeH/5XamfWdDMssIUdHjKy9bsJJEBgeYJPLoNenn0toXJFha2mcsTQ==",
      "requires": {
        "tui-code-snippet": "^2.2.0"
      }
    },
    "tui-time-picker": {
      "version": "2.0.3",
      "resolved": "https://registry.npmjs.org/tui-time-picker/-/tui-time-picker-2.0.3.tgz",
      "integrity": "sha512-S9pkPyAhixYMYsWIA/acaLBuoFBJGohWl9sQyWzSupqEYY4s+QNStl3kJ76Q29VkTl51+LrXm+0SJ1inP0Sheg==",
      "requires": {
        "tui-code-snippet": "^2.2.0"
      }
    }
  }
}
